
Microsoft Visual Studio Solution File, Format Version 12.00
# Visual Studio Version 16
VisualStudioVersion = 16.0.33529.622
MinimumVisualStudioVersion = 10.0.40219.1
Project("{FAE04EC0-301F-11D3-BF4B-00C04F79EFBC}") = "MathAndComparisonOperators", "MathAndComparisonOperators\MathAndComparisonOperators.csproj", "{1FCE6AD0-FF5A-4FF0-8AAF-42A34A243FF8}"
EndProject
Global
	GlobalSection(SolutionConfigurationPlatforms) = preSolution
		Debug|Any CPU = Debug|Any CPU
		Release|Any CPU = Release|Any CPU
	EndGlobalSection
	GlobalSection(ProjectConfigurationPlatforms) = postSolution
		{1FCE6AD0-FF5A-4FF0-8AAF-42A34A243FF8}.Debug|Any CPU.ActiveCfg = Debug|Any CPU
		{1FCE6AD0-FF5A-4FF0-8AAF-42A34A243FF8}.Debug|Any CPU.Build.0 = Debug|Any CPU
		{1FCE6AD0-FF5A-4FF0-8AAF-42A34A243FF8}.Release|Any CPU.ActiveCfg = Release|Any CPU
		{1FCE6AD0-FF5A-4FF0-8AAF-42A34A243FF8}.Release|Any CPU.Build.0 = Release|Any CPU
	EndGlobalSection
	GlobalSection(SolutionProperties) = preSolution
		HideSolutionNode = FALSE
	EndGlobalSection
	GlobalSection(ExtensibilityGlobals) = postSolution
		SolutionGuid = {2041C027-0747-43E1-B745-5C0EED7976FC}
	EndGlobalSection
EndGlobal
