
Microsoft Visual Studio Solution File, Format Version 12.00
# Visual Studio Version 16
VisualStudioVersion = 16.0.33529.622
MinimumVisualStudioVersion = 10.0.40219.1
Project("{FAE04EC0-301F-11D3-BF4B-00C04F79EFBC}") = "CarInsurance", "CarInsurance\CarInsurance.csproj", "{5135C830-53BE-46EE-9E80-CDFD50689798}"
EndProject
Global
	GlobalSection(SolutionConfigurationPlatforms) = preSolution
		Debug|Any CPU = Debug|Any CPU
		Release|Any CPU = Release|Any CPU
	EndGlobalSection
	GlobalSection(ProjectConfigurationPlatforms) = postSolution
		{5135C830-53BE-46EE-9E80-CDFD50689798}.Debug|Any CPU.ActiveCfg = Debug|Any CPU
		{5135C830-53BE-46EE-9E80-CDFD50689798}.Debug|Any CPU.Build.0 = Debug|Any CPU
		{5135C830-53BE-46EE-9E80-CDFD50689798}.Release|Any CPU.ActiveCfg = Release|Any CPU
		{5135C830-53BE-46EE-9E80-CDFD50689798}.Release|Any CPU.Build.0 = Release|Any CPU
	EndGlobalSection
	GlobalSection(SolutionProperties) = preSolution
		HideSolutionNode = FALSE
	EndGlobalSection
	GlobalSection(ExtensibilityGlobals) = postSolution
		SolutionGuid = {F1386960-1F2D-4A02-A7A0-804A413D7BC8}
	EndGlobalSection
EndGlobal
