
Microsoft Visual Studio Solution File, Format Version 12.00
# Visual Studio Version 16
VisualStudioVersion = 16.0.33529.622
MinimumVisualStudioVersion = 10.0.40219.1
Project("{FAE04EC0-301F-11D3-BF4B-00C04F79EFBC}") = "DateTime", "DateTime\DateTime.csproj", "{99B7543D-53A5-4177-9B7E-3B7485C0332C}"
EndProject
Global
	GlobalSection(SolutionConfigurationPlatforms) = preSolution
		Debug|Any CPU = Debug|Any CPU
		Release|Any CPU = Release|Any CPU
	EndGlobalSection
	GlobalSection(ProjectConfigurationPlatforms) = postSolution
		{99B7543D-53A5-4177-9B7E-3B7485C0332C}.Debug|Any CPU.ActiveCfg = Debug|Any CPU
		{99B7543D-53A5-4177-9B7E-3B7485C0332C}.Debug|Any CPU.Build.0 = Debug|Any CPU
		{99B7543D-53A5-4177-9B7E-3B7485C0332C}.Release|Any CPU.ActiveCfg = Release|Any CPU
		{99B7543D-53A5-4177-9B7E-3B7485C0332C}.Release|Any CPU.Build.0 = Release|Any CPU
	EndGlobalSection
	GlobalSection(SolutionProperties) = preSolution
		HideSolutionNode = FALSE
	EndGlobalSection
	GlobalSection(ExtensibilityGlobals) = postSolution
		SolutionGuid = {F8FA1C3F-F2A7-4C83-B444-9CF6579F2F25}
	EndGlobalSection
EndGlobal
