
Microsoft Visual Studio Solution File, Format Version 12.00
# Visual Studio Version 16
VisualStudioVersion = 16.0.33529.622
MinimumVisualStudioVersion = 10.0.40219.1
Project("{FAE04EC0-301F-11D3-BF4B-00C04F79EFBC}") = "MainMethod", "MainMethod\MainMethod.csproj", "{541F488B-6980-4471-A56D-AAF69A9DA0FF}"
EndProject
Global
	GlobalSection(SolutionConfigurationPlatforms) = preSolution
		Debug|Any CPU = Debug|Any CPU
		Release|Any CPU = Release|Any CPU
	EndGlobalSection
	GlobalSection(ProjectConfigurationPlatforms) = postSolution
		{541F488B-6980-4471-A56D-AAF69A9DA0FF}.Debug|Any CPU.ActiveCfg = Debug|Any CPU
		{541F488B-6980-4471-A56D-AAF69A9DA0FF}.Debug|Any CPU.Build.0 = Debug|Any CPU
		{541F488B-6980-4471-A56D-AAF69A9DA0FF}.Release|Any CPU.ActiveCfg = Release|Any CPU
		{541F488B-6980-4471-A56D-AAF69A9DA0FF}.Release|Any CPU.Build.0 = Release|Any CPU
	EndGlobalSection
	GlobalSection(SolutionProperties) = preSolution
		HideSolutionNode = FALSE
	EndGlobalSection
	GlobalSection(ExtensibilityGlobals) = postSolution
		SolutionGuid = {E1C0C9E1-B66D-4AC3-8806-06B85CAAFBE3}
	EndGlobalSection
EndGlobal
